<?xml version="1.0" encoding="utf-8"?>
<Project ToolsVersion="4.0" xmlns="http://schemas.microsoft.com/developer/msbuild/2003">
  <ItemGroup>
    <Filter Include="Source Files">
      <UniqueIdentifier>{d83e362f-641b-44f4-97a1-620669e0b836}</UniqueIdentifier>
      <Extensions>cpp;c;cxx;rc;def;r;odl;idl;hpj;bat</Extensions>
    </Filter>
    <Filter Include="Header Files">
      <UniqueIdentifier>{b1597dfb-2abd-46cb-82ae-474595beb68c}</UniqueIdentifier>
      <Extensions>h;hpp;hxx;hm;inl</Extensions>
    </Filter>
    <Filter Include="Resource Files">
      <UniqueIdentifier>{744f5f98-d929-4eeb-bace-18b44e130eb5}</UniqueIdentifier>
      <Extensions>ico;cur;bmp;dlg;rc2;rct;bin;rgs;gif;jpg;jpeg;jpe</Extensions>
    </Filter>
    <Filter Include="Header Files\imgui">
      <UniqueIdentifier>{c704b4b5-ff66-4905-8e17-c0cc5f1802b4}</UniqueIdentifier>
    </Filter>
    <Filter Include="Source Files\imgui">
      <UniqueIdentifier>{917e4690-592e-4ab7-b3a0-ad305b3bde57}</UniqueIdentifier>
    </Filter>
  </ItemGroup>
  <ItemGroup>
    <ClCompile Include="WindowGL.cpp">
      <Filter>Source Files</Filter>
    </ClCompile>
    <ClCompile Include="glModules\Camera.cpp">
      <Filter>Source Files</Filter>
    </ClCompile>
    <ClCompile Include="glModules\Shader.cpp">
      <Filter>Source Files</Filter>
    </ClCompile>
    <ClCompile Include="glModules\Mesh.cpp">
      <Filter>Source Files</Filter>
    </ClCompile>
    <ClCompile Include="glModules\Model.cpp">
      <Filter>Source Files</Filter>
    </ClCompile>
  </ItemGroup>
  <ItemGroup>
    <ClInclude Include="include\GLFW\glfw3.h">
      <Filter>Header Files</Filter>
    </ClInclude>
    <ClInclude Include="include\GLFW\glfw3native.h">
      <Filter>Header Files</Filter>
    </ClInclude>
    <ClInclude Include="include\GL\eglew.h">
      <Filter>Header Files</Filter>
    </ClInclude>
    <ClInclude Include="include\GL\glew.h">
      <Filter>Header Files</Filter>
    </ClInclude>
    <ClInclude Include="include\GL\glxew.h">
      <Filter>Header Files</Filter>
    </ClInclude>
    <ClInclude Include="include\GL\wglew.h">
      <Filter>Header Files</Filter>
    </ClInclude>
    <ClInclude Include="glModules\Camera.h">
      <Filter>Header Files</Filter>
    </ClInclude>
    <ClInclude Include="glModules\Shader.h">
      <Filter>Header Files</Filter>
    </ClInclude>
    <ClInclude Include="glModules\Mesh.h">
      <Filter>Header Files</Filter>
    </ClInclude>
    <ClInclude Include="glModules\Model.h">
      <Filter>Header Files</Filter>
    </ClInclude>
  </ItemGroup>
  <ItemGroup>
    <None Include="Data\Shaders\shader.frag" />
    <None Include="Data\Shaders\shader.vs" />
    <None Include="Data\Shaders\strokeShader.frag" />
    <None Include="Data\Shaders\strokeShader.vs" />
  </ItemGroup>
</Project>